# This file is automatically @generated by Cargo.
# It is not intended for manual editing.
[[package]]
name = "abc023"
version = "0.1.0"

[[package]]
name = "abc176"
version = "0.1.0"

[[package]]
name = "arc005"
version = "0.1.0"

[[package]]
name = "atcoder"
version = "0.1.0"

[[package]]
name = "typical"
version = "0.1.0"
